// !$*UTF8*$!
{
	archiveVersion = 1;
	classes = {
	};
	objectVersion = 50;
	objects = {

/* Begin PBXBuildFile section */
		046C81ED25EE83020099F91C /* HoneymoonApp.swift in Sources */ = {isa = PBXBuildFile; fileRef = 046C81EC25EE83020099F91C /* HoneymoonApp.swift */; };
		046C81EF25EE83020099F91C /* ContentView.swift in Sources */ = {isa = PBXBuildFile; fileRef = 046C81EE25EE83020099F91C /* ContentView.swift */; };
		046C81F125EE83030099F91C /* Assets.xcassets in Resources */ = {isa = PBXBuildFile; fileRef = 046C81F025EE83030099F91C /* Assets.xcassets */; };
		046C81F425EE83030099F91C /* Preview Assets.xcassets in Resources */ = {isa = PBXBuildFile; fileRef = 046C81F325EE83030099F91C /* Preview Assets.xcassets */; };
		046C81FD25EE84AA0099F91C /* Sounds in Resources */ = {isa = PBXBuildFile; fileRef = 046C81FC25EE84AA0099F91C /* Sounds */; };
		046C820425EE883F0099F91C /* HoneymoonModel.swift in Sources */ = {isa = PBXBuildFile; fileRef = 046C820325EE883F0099F91C /* HoneymoonModel.swift */; };
		046C820825EE890E0099F91C /* HoneymoonData.swift in Sources */ = {isa = PBXBuildFile; fileRef = 046C820725EE890E0099F91C /* HoneymoonData.swift */; };
		046C820B25EE8AAC0099F91C /* CardView.swift in Sources */ = {isa = PBXBuildFile; fileRef = 046C820A25EE8AAC0099F91C /* CardView.swift */; };
		046C820E25EE918A0099F91C /* HeaderView.swift in Sources */ = {isa = PBXBuildFile; fileRef = 046C820D25EE918A0099F91C /* HeaderView.swift */; };
		046C821125EE94850099F91C /* FooterView.swift in Sources */ = {isa = PBXBuildFile; fileRef = 046C821025EE94850099F91C /* FooterView.swift */; };
/* End PBXBuildFile section */

/* Begin PBXFileReference section */
		046C81E925EE83020099F91C /* Honeymoon.app */ = {isa = PBXFileReference; explicitFileType = wrapper.application; includeInIndex = 0; path = Honeymoon.app; sourceTree = BUILT_PRODUCTS_DIR; };
		046C81EC25EE83020099F91C /* HoneymoonApp.swift */ = {isa = PBXFileReference; lastKnownFileType = sourcecode.swift; path = HoneymoonApp.swift; sourceTree = "<group>"; };
		046C81EE25EE83020099F91C /* ContentView.swift */ = {isa = PBXFileReference; lastKnownFileType = sourcecode.swift; path = ContentView.swift; sourceTree = "<group>"; };
		046C81F025EE83030099F91C /* Assets.xcassets */ = {isa = PBXFileReference; lastKnownFileType = folder.assetcatalog; path = Assets.xcassets; sourceTree = "<group>"; };
		046C81F325EE83030099F91C /* Preview Assets.xcassets */ = {isa = PBXFileReference; lastKnownFileType = folder.assetcatalog; path = "Preview Assets.xcassets"; sourceTree = "<group>"; };
		046C81F525EE83030099F91C /* Info.plist */ = {isa = PBXFileReference; lastKnownFileType = text.plist.xml; path = Info.plist; sourceTree = "<group>"; };
		046C81FC25EE84AA0099F91C /* Sounds */ = {isa = PBXFileReference; lastKnownFileType = folder; path = Sounds; sourceTree = "<group>"; };
		046C820325EE883F0099F91C /* HoneymoonModel.swift */ = {isa = PBXFileReference; lastKnownFileType = sourcecode.swift; path = HoneymoonModel.swift; sourceTree = "<group>"; };
		046C820725EE890E0099F91C /* HoneymoonData.swift */ = {isa = PBXFileReference; lastKnownFileType = sourcecode.swift; path = HoneymoonData.swift; sourceTree = "<group>"; };
		046C820A25EE8AAC0099F91C /* CardView.swift */ = {isa = PBXFileReference; lastKnownFileType = sourcecode.swift; path = CardView.swift; sourceTree = "<group>"; };
		046C820D25EE918A0099F91C /* HeaderView.swift */ = {isa = PBXFileReference; lastKnownFileType = sourcecode.swift; path = HeaderView.swift; sourceTree = "<group>"; };
		046C821025EE94850099F91C /* FooterView.swift */ = {isa = PBXFileReference; lastKnownFileType = sourcecode.swift; path = FooterView.swift; sourceTree = "<group>"; };
/* End PBXFileReference section */

/* Begin PBXFrameworksBuildPhase section */
		046C81E625EE83020099F91C /* Frameworks */ = {
			isa = PBXFrameworksBuildPhase;
			buildActionMask = 2147483647;
			files = (
			);
			runOnlyForDeploymentPostprocessing = 0;
		};
/* End PBXFrameworksBuildPhase section */

/* Begin PBXGroup section */
		046C81E025EE83020099F91C = {
			isa = PBXGroup;
			children = (
				046C81EB25EE83020099F91C /* Honeymoon */,
				046C81EA25EE83020099F91C /* Products */,
			);
			sourceTree = "<group>";
		};
		046C81EA25EE83020099F91C /* Products */ = {
			isa = PBXGroup;
			children = (
				046C81E925EE83020099F91C /* Honeymoon.app */,
			);
			name = Products;
			sourceTree = "<group>";
		};
		046C81EB25EE83020099F91C /* Honeymoon */ = {
			isa = PBXGroup;
			children = (
				046C820625EE88FC0099F91C /* Data */,
				046C81FF25EE87620099F91C /* App */,
				046C820125EE876D0099F91C /* Model */,
				046C820225EE87760099F91C /* View */,
				046C81FC25EE84AA0099F91C /* Sounds */,
				046C81F025EE83030099F91C /* Assets.xcassets */,
				046C81F525EE83030099F91C /* Info.plist */,
				046C81F225EE83030099F91C /* Preview Content */,
			);
			path = Honeymoon;
			sourceTree = "<group>";
		};
		046C81F225EE83030099F91C /* Preview Content */ = {
			isa = PBXGroup;
			children = (
				046C81F325EE83030099F91C /* Preview Assets.xcassets */,
			);
			path = "Preview Content";
			sourceTree = "<group>";
		};
		046C81FF25EE87620099F91C /* App */ = {
			isa = PBXGroup;
			children = (
				046C81EC25EE83020099F91C /* HoneymoonApp.swift */,
				046C81EE25EE83020099F91C /* ContentView.swift */,
			);
			path = App;
			sourceTree = "<group>";
		};
		046C820125EE876D0099F91C /* Model */ = {
			isa = PBXGroup;
			children = (
				046C820325EE883F0099F91C /* HoneymoonModel.swift */,
			);
			path = Model;
			sourceTree = "<group>";
		};
		046C820225EE87760099F91C /* View */ = {
			isa = PBXGroup;
			children = (
				046C820A25EE8AAC0099F91C /* CardView.swift */,
				046C820D25EE918A0099F91C /* HeaderView.swift */,
				046C821025EE94850099F91C /* FooterView.swift */,
			);
			path = View;
			sourceTree = "<group>";
		};
		046C820625EE88FC0099F91C /* Data */ = {
			isa = PBXGroup;
			children = (
				046C820725EE890E0099F91C /* HoneymoonData.swift */,
			);
			path = Data;
			sourceTree = "<group>";
		};
/* End PBXGroup section */

/* Begin PBXNativeTarget section */
		046C81E825EE83020099F91C /* Honeymoon */ = {
			isa = PBXNativeTarget;
			buildConfigurationList = 046C81F825EE83030099F91C /* Build configuration list for PBXNativeTarget "Honeymoon" */;
			buildPhases = (
				046C81E525EE83020099F91C /* Sources */,
				046C81E625EE83020099F91C /* Frameworks */,
				046C81E725EE83020099F91C /* Resources */,
			);
			buildRules = (
			);
			dependencies = (
			);
			name = Honeymoon;
			productName = Honeymoon;
			productReference = 046C81E925EE83020099F91C /* Honeymoon.app */;
			productType = "com.apple.product-type.application";
		};
/* End PBXNativeTarget section */

/* Begin PBXProject section */
		046C81E125EE83020099F91C /* Project object */ = {
			isa = PBXProject;
			attributes = {
				LastSwiftUpdateCheck = 1240;
				LastUpgradeCheck = 1240;
				TargetAttributes = {
					046C81E825EE83020099F91C = {
						CreatedOnToolsVersion = 12.4;
					};
				};
			};
			buildConfigurationList = 046C81E425EE83020099F91C /* Build configuration list for PBXProject "Honeymoon" */;
			compatibilityVersion = "Xcode 9.3";
			developmentRegion = en;
			hasScannedForEncodings = 0;
			knownRegions = (
				en,
				Base,
			);
			mainGroup = 046C81E025EE83020099F91C;
			productRefGroup = 046C81EA25EE83020099F91C /* Products */;
			projectDirPath = "";
			projectRoot = "";
			targets = (
				046C81E825EE83020099F91C /* Honeymoon */,
			);
		};
/* End PBXProject section */

/* Begin PBXResourcesBuildPhase section */
		046C81E725EE83020099F91C /* Resources */ = {
			isa = PBXResourcesBuildPhase;
			buildActionMask = 2147483647;
			files = (
				046C81FD25EE84AA0099F91C /* Sounds in Resources */,
				046C81F425EE83030099F91C /* Preview Assets.xcassets in Resources */,
				046C81F125EE83030099F91C /* Assets.xcassets in Resources */,
			);
			runOnlyForDeploymentPostprocessing = 0;
		};
/* End PBXResourcesBuildPhase section */

/* Begin PBXSourcesBuildPhase section */
		046C81E525EE83020099F91C /* Sources */ = {
			isa = PBXSourcesBuildPhase;
			buildActionMask = 2147483647;
			files = (
				046C820825EE890E0099F91C /* HoneymoonData.swift in Sources */,
				046C821125EE94850099F91C /* FooterView.swift in Sources */,
				046C820E25EE918A0099F91C /* HeaderView.swift in Sources */,
				046C820425EE883F0099F91C /* HoneymoonModel.swift in Sources */,
				046C81EF25EE83020099F91C /* ContentView.swift in Sources */,
				046C81ED25EE83020099F91C /* HoneymoonApp.swift in Sources */,
				046C820B25EE8AAC0099F91C /* CardView.swift in Sources */,
			);
			runOnlyForDeploymentPostprocessing = 0;
		};
/* End PBXSourcesBuildPhase section */

/* Begin XCBuildConfiguration section */
		046C81F625EE83030099F91C /* Debug */ = {
			isa = XCBuildConfiguration;
			buildSettings = {
				ALWAYS_SEARCH_USER_PATHS = NO;
				CLANG_ANALYZER_NONNULL = YES;
				CLANG_ANALYZER_NUMBER_OBJECT_CONVERSION = YES_AGGRESSIVE;
				CLANG_CXX_LANGUAGE_STANDARD = "gnu++14";
				CLANG_CXX_LIBRARY = "libc++";
				CLANG_ENABLE_MODULES = YES;
				CLANG_ENABLE_OBJC_ARC = YES;
				CLANG_ENABLE_OBJC_WEAK = YES;
				CLANG_WARN_BLOCK_CAPTURE_AUTORELEASING = YES;
				CLANG_WARN_BOOL_CONVERSION = YES;
				CLANG_WARN_COMMA = YES;
				CLANG_WARN_CONSTANT_CONVERSION = YES;
				CLANG_WARN_DEPRECATED_OBJC_IMPLEMENTATIONS = YES;
				CLANG_WARN_DIRECT_OBJC_ISA_USAGE = YES_ERROR;
				CLANG_WARN_DOCUMENTATION_COMMENTS = YES;
				CLANG_WARN_EMPTY_BODY = YES;
				CLANG_WARN_ENUM_CONVERSION = YES;
				CLANG_WARN_INFINITE_RECURSION = YES;
				CLANG_WARN_INT_CONVERSION = YES;
				CLANG_WARN_NON_LITERAL_NULL_CONVERSION = YES;
				CLANG_WARN_OBJC_IMPLICIT_RETAIN_SELF = YES;
				CLANG_WARN_OBJC_LITERAL_CONVERSION = YES;
				CLANG_WARN_OBJC_ROOT_CLASS = YES_ERROR;
				CLANG_WARN_QUOTED_INCLUDE_IN_FRAMEWORK_HEADER = YES;
				CLANG_WARN_RANGE_LOOP_ANALYSIS = YES;
				CLANG_WARN_STRICT_PROTOTYPES = YES;
				CLANG_WARN_SUSPICIOUS_MOVE = YES;
				CLANG_WARN_UNGUARDED_AVAILABILITY = YES_AGGRESSIVE;
				CLANG_WARN_UNREACHABLE_CODE = YES;
				CLANG_WARN__DUPLICATE_METHOD_MATCH = YES;
				COPY_PHASE_STRIP = NO;
				DEBUG_INFORMATION_FORMAT = dwarf;
				ENABLE_STRICT_OBJC_MSGSEND = YES;
				ENABLE_TESTABILITY = YES;
				GCC_C_LANGUAGE_STANDARD = gnu11;
				GCC_DYNAMIC_NO_PIC = NO;
				GCC_NO_COMMON_BLOCKS = YES;
				GCC_OPTIMIZATION_LEVEL = 0;
				GCC_PREPROCESSOR_DEFINITIONS = (
					"DEBUG=1",
					"$(inherited)",
				);
				GCC_WARN_64_TO_32_BIT_CONVERSION = YES;
				GCC_WARN_ABOUT_RETURN_TYPE = YES_ERROR;
				GCC_WARN_UNDECLARED_SELECTOR = YES;
				GCC_WARN_UNINITIALIZED_AUTOS = YES_AGGRESSIVE;
				GCC_WARN_UNUSED_FUNCTION = YES;
				GCC_WARN_UNUSED_VARIABLE = YES;
				IPHONEOS_DEPLOYMENT_TARGET = 14.4;
				MTL_ENABLE_DEBUG_INFO = INCLUDE_SOURCE;
				MTL_FAST_MATH = YES;
				ONLY_ACTIVE_ARCH = YES;
				SDKROOT = iphoneos;
				SWIFT_ACTIVE_COMPILATION_CONDITIONS = DEBUG;
				SWIFT_OPTIMIZATION_LEVEL = "-Onone";
			};
			name = Debug;
		};
		046C81F725EE83030099F91C /* Release */ = {
			isa = XCBuildConfiguration;
			buildSettings = {
				ALWAYS_SEARCH_USER_PATHS = NO;
				CLANG_ANALYZER_NONNULL = YES;
				CLANG_ANALYZER_NUMBER_OBJECT_CONVERSION = YES_AGGRESSIVE;
				CLANG_CXX_LANGUAGE_STANDARD = "gnu++14";
				CLANG_CXX_LIBRARY = "libc++";
				CLANG_ENABLE_MODULES = YES;
				CLANG_ENABLE_OBJC_ARC = YES;
				CLANG_ENABLE_OBJC_WEAK = YES;
				CLANG_WARN_BLOCK_CAPTURE_AUTORELEASING = YES;
				CLANG_WARN_BOOL_CONVERSION = YES;
				CLANG_WARN_COMMA = YES;
				CLANG_WARN_CONSTANT_CONVERSION = YES;
				CLANG_WARN_DEPRECATED_OBJC_IMPLEMENTATIONS = YES;
				CLANG_WARN_DIRECT_OBJC_ISA_USAGE = YES_ERROR;
				CLANG_WARN_DOCUMENTATION_COMMENTS = YES;
				CLANG_WARN_EMPTY_BODY = YES;
				CLANG_WARN_ENUM_CONVERSION = YES;
				CLANG_WARN_INFINITE_RECURSION = YES;
				CLANG_WARN_INT_CONVERSION = YES;
				CLANG_WARN_NON_LITERAL_NULL_CONVERSION = YES;
				CLANG_WARN_OBJC_IMPLICIT_RETAIN_SELF = YES;
				CLANG_WARN_OBJC_LITERAL_CONVERSION = YES;
				CLANG_WARN_OBJC_ROOT_CLASS = YES_ERROR;
				CLANG_WARN_QUOTED_INCLUDE_IN_FRAMEWORK_HEADER = YES;
				CLANG_WARN_RANGE_LOOP_ANALYSIS = YES;
				CLANG_WARN_STRICT_PROTOTYPES = YES;
				CLANG_WARN_SUSPICIOUS_MOVE = YES;
				CLANG_WARN_UNGUARDED_AVAILABILITY = YES_AGGRESSIVE;
				CLANG_WARN_UNREACHABLE_CODE = YES;
				CLANG_WARN__DUPLICATE_METHOD_MATCH = YES;
				COPY_PHASE_STRIP = NO;
				DEBUG_INFORMATION_FORMAT = "dwarf-with-dsym";
				ENABLE_NS_ASSERTIONS = NO;
				ENABLE_STRICT_OBJC_MSGSEND = YES;
				GCC_C_LANGUAGE_STANDARD = gnu11;
				GCC_NO_COMMON_BLOCKS = YES;
				GCC_WARN_64_TO_32_BIT_CONVERSION = YES;
				GCC_WARN_ABOUT_RETURN_TYPE = YES_ERROR;
				GCC_WARN_UNDECLARED_SELECTOR = YES;
				GCC_WARN_UNINITIALIZED_AUTOS = YES_AGGRESSIVE;
				GCC_WARN_UNUSED_FUNCTION = YES;
				GCC_WARN_UNUSED_VARIABLE = YES;
				IPHONEOS_DEPLOYMENT_TARGET = 14.4;
				MTL_ENABLE_DEBUG_INFO = NO;
				MTL_FAST_MATH = YES;
				SDKROOT = iphoneos;
				SWIFT_COMPILATION_MODE = wholemodule;
				SWIFT_OPTIMIZATION_LEVEL = "-O";
				VALIDATE_PRODUCT = YES;
			};
			name = Release;
		};
		046C81F925EE83030099F91C /* Debug */ = {
			isa = XCBuildConfiguration;
			buildSettings = {
				ASSETCATALOG_COMPILER_APPICON_NAME = AppIcon;
				ASSETCATALOG_COMPILER_GLOBAL_ACCENT_COLOR_NAME = AccentColor;
				CODE_SIGN_STYLE = Automatic;
				DEVELOPMENT_ASSET_PATHS = "\"Honeymoon/Preview Content\"";
				DEVELOPMENT_TEAM = WW6582Q94G;
				ENABLE_PREVIEWS = YES;
				INFOPLIST_FILE = Honeymoon/Info.plist;
				IPHONEOS_DEPLOYMENT_TARGET = 14.0;
				LD_RUNPATH_SEARCH_PATHS = (
					"$(inherited)",
					"@executable_path/Frameworks",
				);
				PRODUCT_BUNDLE_IDENTIFIER = com.chavicodes.Honeymoon;
				PRODUCT_NAME = "$(TARGET_NAME)";
				SWIFT_VERSION = 5.0;
				TARGETED_DEVICE_FAMILY = "1,2";
			};
			name = Debug;
		};
		046C81FA25EE83030099F91C /* Release */ = {
			isa = XCBuildConfiguration;
			buildSettings = {
				ASSETCATALOG_COMPILER_APPICON_NAME = AppIcon;
				ASSETCATALOG_COMPILER_GLOBAL_ACCENT_COLOR_NAME = AccentColor;
				CODE_SIGN_STYLE = Automatic;
				DEVELOPMENT_ASSET_PATHS = "\"Honeymoon/Preview Content\"";
				DEVELOPMENT_TEAM = WW6582Q94G;
				ENABLE_PREVIEWS = YES;
				INFOPLIST_FILE = Honeymoon/Info.plist;
				IPHONEOS_DEPLOYMENT_TARGET = 14.0;
				LD_RUNPATH_SEARCH_PATHS = (
					"$(inherited)",
					"@executable_path/Frameworks",
				);
				PRODUCT_BUNDLE_IDENTIFIER = com.chavicodes.Honeymoon;
				PRODUCT_NAME = "$(TARGET_NAME)";
				SWIFT_VERSION = 5.0;
				TARGETED_DEVICE_FAMILY = "1,2";
			};
			name = Release;
		};
/* End XCBuildConfiguration section */

/* Begin XCConfigurationList section */
		046C81E425EE83020099F91C /* Build configuration list for PBXProject "Honeymoon" */ = {
			isa = XCConfigurationList;
			buildConfigurations = (
				046C81F625EE83030099F91C /* Debug */,
				046C81F725EE83030099F91C /* Release */,
			);
			defaultConfigurationIsVisible = 0;
			defaultConfigurationName = Release;
		};
		046C81F825EE83030099F91C /* Build configuration list for PBXNativeTarget "Honeymoon" */ = {
			isa = XCConfigurationList;
			buildConfigurations = (
				046C81F925EE83030099F91C /* Debug */,
				046C81FA25EE83030099F91C /* Release */,
			);
			defaultConfigurationIsVisible = 0;
			defaultConfigurationName = Release;
		};
/* End XCConfigurationList section */
	};
	rootObject = 046C81E125EE83020099F91C /* Project object */;
}
